
Microsoft Visual Studio Solution File, Format Version 12.00
# Visual Studio Version 17
VisualStudioVersion = 17.7.34009.444
MinimumVisualStudioVersion = 10.0.40219.1
Project("{FAE04EC0-301F-11D3-BF4B-00C04F79EFBC}") = "ProyHyundai", "ProyHyundai\ProyHyundai.csproj", "{CA5C0B54-9693-408F-A6E3-A6578591C4AE}"
EndProject
Global
	GlobalSection(SolutionConfigurationPlatforms) = preSolution
		Debug|Any CPU = Debug|Any CPU
		Release|Any CPU = Release|Any CPU
	EndGlobalSection
	GlobalSection(ProjectConfigurationPlatforms) = postSolution
		{CA5C0B54-9693-408F-A6E3-A6578591C4AE}.Debug|Any CPU.ActiveCfg = Debug|Any CPU
		{CA5C0B54-9693-408F-A6E3-A6578591C4AE}.Debug|Any CPU.Build.0 = Debug|Any CPU
		{CA5C0B54-9693-408F-A6E3-A6578591C4AE}.Release|Any CPU.ActiveCfg = Release|Any CPU
		{CA5C0B54-9693-408F-A6E3-A6578591C4AE}.Release|Any CPU.Build.0 = Release|Any CPU
	EndGlobalSection
	GlobalSection(SolutionProperties) = preSolution
		HideSolutionNode = FALSE
	EndGlobalSection
	GlobalSection(ExtensibilityGlobals) = postSolution
		SolutionGuid = {E54FF227-7DF1-40DD-9177-F2DB029BBB87}
	EndGlobalSection
EndGlobal
